
Microsoft Visual Studio Solution File, Format Version 12.00
# Visual Studio Version 16
VisualStudioVersion = 16.0.31025.194
MinimumVisualStudioVersion = 10.0.40219.1
Project("{9A19103F-16F7-4668-BE54-9A1E7A4F7556}") = "1UsdToBgn", "FirstStepOfProgramming\1UsdToBgn.csproj", "{172255CD-C568-4631-8DC7-85C63050FBCA}"
EndProject
Project("{9A19103F-16F7-4668-BE54-9A1E7A4F7556}") = "2RadiansToDegrees", "2RadiansToDegrees\2RadiansToDegrees.csproj", "{62755FE9-99D9-4294-9936-309383512831}"
EndProject
Project("{9A19103F-16F7-4668-BE54-9A1E7A4F7556}") = "3DepositCalculator", "3DepositCalculator\3DepositCalculator.csproj", "{D59B7289-B1C0-4961-ABB9-4646A56AAB6C}"
EndProject
Project("{9A19103F-16F7-4668-BE54-9A1E7A4F7556}") = "4VocationBooksList", "4VocationBoocsList\4VocationBooksList.csproj", "{60497BCF-74F7-496D-AFB5-6771BC5E8EF6}"
EndProject
Project("{FAE04EC0-301F-11D3-BF4B-00C04F79EFBC}") = "5BirthdayParty", "5BirthdayParty\5BirthdayParty.csproj", "{EF1F6A99-346D-48D7-8951-F31B659710B7}"
EndProject
Project("{FAE04EC0-301F-11D3-BF4B-00C04F79EFBC}") = "6CharityCampaign", "6CharityCampaign\6CharityCampaign.csproj", "{929B561E-522C-4F82-AE4A-5C827F995C7B}"
EndProject
Project("{FAE04EC0-301F-11D3-BF4B-00C04F79EFBC}") = "7FruitMarket", "7FruitMarket\7FruitMarket.csproj", "{D5FF8DA4-8A23-4394-9017-F39FCF59BF1D}"
EndProject
Project("{FAE04EC0-301F-11D3-BF4B-00C04F79EFBC}") = "8FishTank", "8FishTank\8FishTank.csproj", "{E9C74851-CA39-4496-9A68-540205F2FD8A}"
EndProject
Global
	GlobalSection(SolutionConfigurationPlatforms) = preSolution
		Debug|Any CPU = Debug|Any CPU
		Release|Any CPU = Release|Any CPU
	EndGlobalSection
	GlobalSection(ProjectConfigurationPlatforms) = postSolution
		{172255CD-C568-4631-8DC7-85C63050FBCA}.Debug|Any CPU.ActiveCfg = Debug|Any CPU
		{172255CD-C568-4631-8DC7-85C63050FBCA}.Debug|Any CPU.Build.0 = Debug|Any CPU
		{172255CD-C568-4631-8DC7-85C63050FBCA}.Release|Any CPU.ActiveCfg = Release|Any CPU
		{172255CD-C568-4631-8DC7-85C63050FBCA}.Release|Any CPU.Build.0 = Release|Any CPU
		{62755FE9-99D9-4294-9936-309383512831}.Debug|Any CPU.ActiveCfg = Debug|Any CPU
		{62755FE9-99D9-4294-9936-309383512831}.Debug|Any CPU.Build.0 = Debug|Any CPU
		{62755FE9-99D9-4294-9936-309383512831}.Release|Any CPU.ActiveCfg = Release|Any CPU
		{62755FE9-99D9-4294-9936-309383512831}.Release|Any CPU.Build.0 = Release|Any CPU
		{D59B7289-B1C0-4961-ABB9-4646A56AAB6C}.Debug|Any CPU.ActiveCfg = Debug|Any CPU
		{D59B7289-B1C0-4961-ABB9-4646A56AAB6C}.Debug|Any CPU.Build.0 = Debug|Any CPU
		{D59B7289-B1C0-4961-ABB9-4646A56AAB6C}.Release|Any CPU.ActiveCfg = Release|Any CPU
		{D59B7289-B1C0-4961-ABB9-4646A56AAB6C}.Release|Any CPU.Build.0 = Release|Any CPU
		{60497BCF-74F7-496D-AFB5-6771BC5E8EF6}.Debug|Any CPU.ActiveCfg = Debug|Any CPU
		{60497BCF-74F7-496D-AFB5-6771BC5E8EF6}.Debug|Any CPU.Build.0 = Debug|Any CPU
		{60497BCF-74F7-496D-AFB5-6771BC5E8EF6}.Release|Any CPU.ActiveCfg = Release|Any CPU
		{60497BCF-74F7-496D-AFB5-6771BC5E8EF6}.Release|Any CPU.Build.0 = Release|Any CPU
		{EF1F6A99-346D-48D7-8951-F31B659710B7}.Debug|Any CPU.ActiveCfg = Debug|Any CPU
		{EF1F6A99-346D-48D7-8951-F31B659710B7}.Debug|Any CPU.Build.0 = Debug|Any CPU
		{EF1F6A99-346D-48D7-8951-F31B659710B7}.Release|Any CPU.ActiveCfg = Release|Any CPU
		{EF1F6A99-346D-48D7-8951-F31B659710B7}.Release|Any CPU.Build.0 = Release|Any CPU
		{929B561E-522C-4F82-AE4A-5C827F995C7B}.Debug|Any CPU.ActiveCfg = Debug|Any CPU
		{929B561E-522C-4F82-AE4A-5C827F995C7B}.Debug|Any CPU.Build.0 = Debug|Any CPU
		{929B561E-522C-4F82-AE4A-5C827F995C7B}.Release|Any CPU.ActiveCfg = Release|Any CPU
		{929B561E-522C-4F82-AE4A-5C827F995C7B}.Release|Any CPU.Build.0 = Release|Any CPU
		{D5FF8DA4-8A23-4394-9017-F39FCF59BF1D}.Debug|Any CPU.ActiveCfg = Debug|Any CPU
		{D5FF8DA4-8A23-4394-9017-F39FCF59BF1D}.Debug|Any CPU.Build.0 = Debug|Any CPU
		{D5FF8DA4-8A23-4394-9017-F39FCF59BF1D}.Release|Any CPU.ActiveCfg = Release|Any CPU
		{D5FF8DA4-8A23-4394-9017-F39FCF59BF1D}.Release|Any CPU.Build.0 = Release|Any CPU
		{E9C74851-CA39-4496-9A68-540205F2FD8A}.Debug|Any CPU.ActiveCfg = Debug|Any CPU
		{E9C74851-CA39-4496-9A68-540205F2FD8A}.Debug|Any CPU.Build.0 = Debug|Any CPU
		{E9C74851-CA39-4496-9A68-540205F2FD8A}.Release|Any CPU.ActiveCfg = Release|Any CPU
		{E9C74851-CA39-4496-9A68-540205F2FD8A}.Release|Any CPU.Build.0 = Release|Any CPU
	EndGlobalSection
	GlobalSection(SolutionProperties) = preSolution
		HideSolutionNode = FALSE
	EndGlobalSection
	GlobalSection(ExtensibilityGlobals) = postSolution
		SolutionGuid = {479DD34B-1EB0-4AF1-9B97-BA9B308F1EF4}
	EndGlobalSection
EndGlobal
